// !$*UTF8*$!
{
	archiveVersion = 1;
	classes = {
	};
	objectVersion = 56;
	objects = {

/* Begin PBXBuildFile section */
		DD142CB92A023C4E00C8040A /* FittedScrollView.swift in Sources */ = {isa = PBXBuildFile; fileRef = DD142CB82A023C4E00C8040A /* FittedScrollView.swift */; };
		DD1D83DB29FFD1E200DE8B68 /* RswiftLibrary in Frameworks */ = {isa = PBXBuildFile; productRef = DD1D83DA29FFD1E200DE8B68 /* RswiftLibrary */; };
		DD1D83E129FFDA8000DE8B68 /* SFSafeSymbols in Frameworks */ = {isa = PBXBuildFile; productRef = DD1D83E029FFDA8000DE8B68 /* SFSafeSymbols */; };
		DD1D83E529FFDB7100DE8B68 /* NavigationController.swift in Sources */ = {isa = PBXBuildFile; fileRef = DD1D83E429FFDB7100DE8B68 /* NavigationController.swift */; };
		DD1D83EB29FFDE8E00DE8B68 /* FeedCoordinator.swift in Sources */ = {isa = PBXBuildFile; fileRef = DD1D83EA29FFDE8E00DE8B68 /* FeedCoordinator.swift */; };
		DD1D83ED29FFDEB200DE8B68 /* FeedFactoring.swift in Sources */ = {isa = PBXBuildFile; fileRef = DD1D83EC29FFDEB200DE8B68 /* FeedFactoring.swift */; };
		DD1D83F029FFDFC800DE8B68 /* FeedScreen.swift in Sources */ = {isa = PBXBuildFile; fileRef = DD1D83EF29FFDFC800DE8B68 /* FeedScreen.swift */; };
		DD1D83F229FFDFD900DE8B68 /* FeedStore.swift in Sources */ = {isa = PBXBuildFile; fileRef = DD1D83F129FFDFD900DE8B68 /* FeedStore.swift */; };
		DD1D83F429FFED7D00DE8B68 /* String.swift in Sources */ = {isa = PBXBuildFile; fileRef = DD1D83F329FFED7D00DE8B68 /* String.swift */; };
		DD1D83F829FFF0D900DE8B68 /* CreatePostCoordinator.swift in Sources */ = {isa = PBXBuildFile; fileRef = DD1D83F729FFF0D900DE8B68 /* CreatePostCoordinator.swift */; };
		DD1D83FB29FFF0F900DE8B68 /* CreatePostFactoring.swift in Sources */ = {isa = PBXBuildFile; fileRef = DD1D83FA29FFF0F900DE8B68 /* CreatePostFactoring.swift */; };
		DD1D83FE29FFF12300DE8B68 /* UserCoordinator.swift in Sources */ = {isa = PBXBuildFile; fileRef = DD1D83FD29FFF12300DE8B68 /* UserCoordinator.swift */; };
		DD1D840029FFF13900DE8B68 /* UserFactoring.swift in Sources */ = {isa = PBXBuildFile; fileRef = DD1D83FF29FFF13900DE8B68 /* UserFactoring.swift */; };
		DD1D840329FFF1D900DE8B68 /* CreatePostScreen.swift in Sources */ = {isa = PBXBuildFile; fileRef = DD1D840229FFF1D900DE8B68 /* CreatePostScreen.swift */; };
		DD1D840629FFF1E900DE8B68 /* CreatePostStore.swift in Sources */ = {isa = PBXBuildFile; fileRef = DD1D840529FFF1E900DE8B68 /* CreatePostStore.swift */; };
		DD1D840829FFF28E00DE8B68 /* Colors.xcassets in Resources */ = {isa = PBXBuildFile; fileRef = DD1D840729FFF28E00DE8B68 /* Colors.xcassets */; };
		DD1D840A29FFF2F000DE8B68 /* Color+AppColors.swift in Sources */ = {isa = PBXBuildFile; fileRef = DD1D840929FFF2F000DE8B68 /* Color+AppColors.swift */; };
		DD1D841129FFF5D500DE8B68 /* Post.swift in Sources */ = {isa = PBXBuildFile; fileRef = DD1D841029FFF5D500DE8B68 /* Post.swift */; };
		DD1D841429FFF74000DE8B68 /* PostView.swift in Sources */ = {isa = PBXBuildFile; fileRef = DD1D841329FFF74000DE8B68 /* PostView.swift */; };
		DD1D841729FFF81100DE8B68 /* View+FirstAppear.swift in Sources */ = {isa = PBXBuildFile; fileRef = DD1D841629FFF81100DE8B68 /* View+FirstAppear.swift */; };
		DD36B7F42A06CB2A004A0EEC /* AuthenticationError.swift in Sources */ = {isa = PBXBuildFile; fileRef = DD36B7F32A06CB2A004A0EEC /* AuthenticationError.swift */; };
		DD3976122A0549DC0098E9A9 /* SignUpFinishRequest.swift in Sources */ = {isa = PBXBuildFile; fileRef = DD3976112A0549DC0098E9A9 /* SignUpFinishRequest.swift */; };
		DD4A11772A012DFD004C765F /* AuthenticationService.swift in Sources */ = {isa = PBXBuildFile; fileRef = DD4A11762A012DFD004C765F /* AuthenticationService.swift */; };
		DD4A117A2A012E0B004C765F /* AuthenticationServicing.swift in Sources */ = {isa = PBXBuildFile; fileRef = DD4A11792A012E0B004C765F /* AuthenticationServicing.swift */; };
		DD4A117D2A013153004C765F /* Networking in Frameworks */ = {isa = PBXBuildFile; productRef = DD4A117C2A013153004C765F /* Networking */; };
		DD4A11802A01317E004C765F /* AuthenticationRouter.swift in Sources */ = {isa = PBXBuildFile; fileRef = DD4A117F2A01317E004C765F /* AuthenticationRouter.swift */; };
		DD4A11892A0134AB004C765F /* PublicKeyCredentialOptions.swift in Sources */ = {isa = PBXBuildFile; fileRef = DD4A11882A0134AB004C765F /* PublicKeyCredentialOptions.swift */; };
		DD4A118D2A013720004C765F /* SignUpScreen.swift in Sources */ = {isa = PBXBuildFile; fileRef = DD4A118C2A013720004C765F /* SignUpScreen.swift */; };
		DD4A11902A013731004C765F /* SignUpStore.swift in Sources */ = {isa = PBXBuildFile; fileRef = DD4A118F2A013731004C765F /* SignUpStore.swift */; };
		DD55F3E729D98B5E000EF8AF /* AppDelegate.swift in Sources */ = {isa = PBXBuildFile; fileRef = DD55F3E629D98B5E000EF8AF /* AppDelegate.swift */; };
		DD55F3E929D98B5E000EF8AF /* SceneDelegate.swift in Sources */ = {isa = PBXBuildFile; fileRef = DD55F3E829D98B5E000EF8AF /* SceneDelegate.swift */; };
		DD55F3F029D98B5E000EF8AF /* Assets.xcassets in Resources */ = {isa = PBXBuildFile; fileRef = DD55F3EF29D98B5E000EF8AF /* Assets.xcassets */; };
		DD55F3F329D98B5E000EF8AF /* LaunchScreen.storyboard in Resources */ = {isa = PBXBuildFile; fileRef = DD55F3F129D98B5E000EF8AF /* LaunchScreen.storyboard */; };
		DD55F40429D98C20000EF8AF /* AppCoordinatingContaining.swift in Sources */ = {isa = PBXBuildFile; fileRef = DD55F40329D98C20000EF8AF /* AppCoordinatingContaining.swift */; };
		DD55F40629D98C39000EF8AF /* AppCoordinating.swift in Sources */ = {isa = PBXBuildFile; fileRef = DD55F40529D98C39000EF8AF /* AppCoordinating.swift */; };
		DD55F40C29D98D98000EF8AF /* Coordinator.swift in Sources */ = {isa = PBXBuildFile; fileRef = DD55F40B29D98D98000EF8AF /* Coordinator.swift */; };
		DD55F40F29D98E70000EF8AF /* DependencyInjection in Frameworks */ = {isa = PBXBuildFile; productRef = DD55F40E29D98E70000EF8AF /* DependencyInjection */; };
		DD55F41129D98E9D000EF8AF /* Configuration.swift in Sources */ = {isa = PBXBuildFile; fileRef = DD55F41029D98E9D000EF8AF /* Configuration.swift */; };
		DD55F41429D98EBC000EF8AF /* SceneManifest.swift in Sources */ = {isa = PBXBuildFile; fileRef = DD55F41329D98EBC000EF8AF /* SceneManifest.swift */; };
		DD55F41629D98ECC000EF8AF /* SceneConfigurationsContainer.swift in Sources */ = {isa = PBXBuildFile; fileRef = DD55F41529D98ECC000EF8AF /* SceneConfigurationsContainer.swift */; };
		DD55F41829D98ED8000EF8AF /* SceneConfiguration.swift in Sources */ = {isa = PBXBuildFile; fileRef = DD55F41729D98ED8000EF8AF /* SceneConfiguration.swift */; };
		DD55F41A29D99067000EF8AF /* SceneCoordinating.swift in Sources */ = {isa = PBXBuildFile; fileRef = DD55F41929D99067000EF8AF /* SceneCoordinating.swift */; };
		DD55F41D29D990C3000EF8AF /* InitialSceneCoordinator.swift in Sources */ = {isa = PBXBuildFile; fileRef = DD55F41C29D990C3000EF8AF /* InitialSceneCoordinator.swift */; };
		DD55F41F29D990DB000EF8AF /* InitialSceneCoordinatoring.swift in Sources */ = {isa = PBXBuildFile; fileRef = DD55F41E29D990DB000EF8AF /* InitialSceneCoordinatoring.swift */; };
		DD55F42229D99111000EF8AF /* AppCoordinator.swift in Sources */ = {isa = PBXBuildFile; fileRef = DD55F42129D99111000EF8AF /* AppCoordinator.swift */; };
		DD55F42529D99139000EF8AF /* ActiveScene.swift in Sources */ = {isa = PBXBuildFile; fileRef = DD55F42429D99139000EF8AF /* ActiveScene.swift */; };
		DD55F42829D9914F000EF8AF /* ManagerRegistration.swift in Sources */ = {isa = PBXBuildFile; fileRef = DD55F42729D9914F000EF8AF /* ManagerRegistration.swift */; };
		DD55F42A29D9915F000EF8AF /* ServiceRegistration.swift in Sources */ = {isa = PBXBuildFile; fileRef = DD55F42929D9915F000EF8AF /* ServiceRegistration.swift */; };
		DD55F42C29D9917E000EF8AF /* StoreRegistration.swift in Sources */ = {isa = PBXBuildFile; fileRef = DD55F42B29D9917E000EF8AF /* StoreRegistration.swift */; };
		DD55F42E29D991B8000EF8AF /* StoreContaining.swift in Sources */ = {isa = PBXBuildFile; fileRef = DD55F42D29D991B8000EF8AF /* StoreContaining.swift */; };
		DD55F43029D991EB000EF8AF /* UISceneDelegate+AppCoordinator.swift in Sources */ = {isa = PBXBuildFile; fileRef = DD55F42F29D991EB000EF8AF /* UISceneDelegate+AppCoordinator.swift */; };
		DD55F43429D9921F000EF8AF /* Store.swift in Sources */ = {isa = PBXBuildFile; fileRef = DD55F43329D9921F000EF8AF /* Store.swift */; };
		DD55F43629D99229000EF8AF /* StoreState.swift in Sources */ = {isa = PBXBuildFile; fileRef = DD55F43529D99229000EF8AF /* StoreState.swift */; };
		DD55F43A29D99396000EF8AF /* Localizable.strings in Resources */ = {isa = PBXBuildFile; fileRef = DD55F43C29D99396000EF8AF /* Localizable.strings */; };
		DD55F44229D99867000EF8AF /* UserDefaultsWrapper.swift in Sources */ = {isa = PBXBuildFile; fileRef = DD55F44129D99867000EF8AF /* UserDefaultsWrapper.swift */; };
		DD55F44429D99874000EF8AF /* UserDefaultsProvider.swift in Sources */ = {isa = PBXBuildFile; fileRef = DD55F44329D99874000EF8AF /* UserDefaultsProvider.swift */; };
		DD55F44729D998DD000EF8AF /* XCGLogger in Frameworks */ = {isa = PBXBuildFile; productRef = DD55F44629D998DD000EF8AF /* XCGLogger */; };
		DD55F44929D998FF000EF8AF /* AppLogger.swift in Sources */ = {isa = PBXBuildFile; fileRef = DD55F44829D998FF000EF8AF /* AppLogger.swift */; };
		DD55F44E29D999DE000EF8AF /* NavigationControllerCoordinator.swift in Sources */ = {isa = PBXBuildFile; fileRef = DD55F44D29D999DE000EF8AF /* NavigationControllerCoordinator.swift */; };
		DD55F45029D999ED000EF8AF /* ViewControllerCoordinator.swift in Sources */ = {isa = PBXBuildFile; fileRef = DD55F44F29D999ED000EF8AF /* ViewControllerCoordinator.swift */; };
		DD55F45529D99B1C000EF8AF /* TabbarCoordinator.swift in Sources */ = {isa = PBXBuildFile; fileRef = DD55F45429D99B1C000EF8AF /* TabbarCoordinator.swift */; };
		DD55F45729D99BAB000EF8AF /* PresentationType.swift in Sources */ = {isa = PBXBuildFile; fileRef = DD55F45629D99BAB000EF8AF /* PresentationType.swift */; };
		DD55F45F29D99E83000EF8AF /* EventEmitting.swift in Sources */ = {isa = PBXBuildFile; fileRef = DD55F45E29D99E83000EF8AF /* EventEmitting.swift */; };
		DD55F46129D99E8A000EF8AF /* SubscriptionCancellable.swift in Sources */ = {isa = PBXBuildFile; fileRef = DD55F46029D99E8A000EF8AF /* SubscriptionCancellable.swift */; };
		DD55F46329D9A08C000EF8AF /* TabbarControllerCoordinator.swift in Sources */ = {isa = PBXBuildFile; fileRef = DD55F46229D9A08C000EF8AF /* TabbarControllerCoordinator.swift */; };
		DD5C3B622A0694DA009D8248 /* JwtResponse.swift in Sources */ = {isa = PBXBuildFile; fileRef = DD5C3B612A0694DA009D8248 /* JwtResponse.swift */; };
		DD5C3B642A06962F009D8248 /* Publishers+async.swift in Sources */ = {isa = PBXBuildFile; fileRef = DD5C3B632A06962F009D8248 /* Publishers+async.swift */; };
		DD697C9C29FFD1230010C152 /* Resources.swift in Sources */ = {isa = PBXBuildFile; fileRef = DD697C9B29FFD1230010C152 /* Resources.swift */; };
		DD8813A72A0B93360075D138 /* AuthenticationResult.swift in Sources */ = {isa = PBXBuildFile; fileRef = DD8813A62A0B93360075D138 /* AuthenticationResult.swift */; };
		DDC40CC72A0657B4005E7FEE /* PublicKeyRequestOptions.swift in Sources */ = {isa = PBXBuildFile; fileRef = DDC40CC62A0657B4005E7FEE /* PublicKeyRequestOptions.swift */; };
		DDC40CCA2A065B47005E7FEE /* SignInFinishRequest.swift in Sources */ = {isa = PBXBuildFile; fileRef = DDC40CC92A065B47005E7FEE /* SignInFinishRequest.swift */; };
		DDCE0AF42A01865800EC15EA /* PrimaryButtonModifier.swift in Sources */ = {isa = PBXBuildFile; fileRef = DDCE0AF32A01865800EC15EA /* PrimaryButtonModifier.swift */; };
		DDCE0AF62A01892F00EC15EA /* PrimaryTextFieldModifier.swift in Sources */ = {isa = PBXBuildFile; fileRef = DDCE0AF52A01892F00EC15EA /* PrimaryTextFieldModifier.swift */; };
		DDCE0AF92A018BCA00EC15EA /* Constants.swift in Sources */ = {isa = PBXBuildFile; fileRef = DDCE0AF82A018BCA00EC15EA /* Constants.swift */; };
		DDCE0B002A018C3F00EC15EA /* EmojiPicker.swift in Sources */ = {isa = PBXBuildFile; fileRef = DDCE0AFF2A018C3F00EC15EA /* EmojiPicker.swift */; };
		DDCE0B032A018CC600EC15EA /* EmojiItem.swift in Sources */ = {isa = PBXBuildFile; fileRef = DDCE0B022A018CC600EC15EA /* EmojiItem.swift */; };
		DDECFE6C29FFCAF100D562A4 /* OnboardingCoordinator.swift in Sources */ = {isa = PBXBuildFile; fileRef = DDECFE6B29FFCAF100D562A4 /* OnboardingCoordinator.swift */; };
		DDECFE6E29FFCBDA00D562A4 /* OnboardingFactoring.swift in Sources */ = {isa = PBXBuildFile; fileRef = DDECFE6D29FFCBDA00D562A4 /* OnboardingFactoring.swift */; };
		DDECFE7229FFCC1100D562A4 /* WelcomeScreen.swift in Sources */ = {isa = PBXBuildFile; fileRef = DDECFE7129FFCC1100D562A4 /* WelcomeScreen.swift */; };
		DDECFE7429FFCC2800D562A4 /* WelcomeStore.swift in Sources */ = {isa = PBXBuildFile; fileRef = DDECFE7329FFCC2800D562A4 /* WelcomeStore.swift */; };
/* End PBXBuildFile section */

/* Begin PBXFileReference section */
		DD142CB82A023C4E00C8040A /* FittedScrollView.swift */ = {isa = PBXFileReference; lastKnownFileType = sourcecode.swift; path = FittedScrollView.swift; sourceTree = "<group>"; };
		DD142CBB2A029C0800C8040A /* Yuck.entitlements */ = {isa = PBXFileReference; lastKnownFileType = text.plist.entitlements; name = Yuck.entitlements; path = Yuck/Yuck.entitlements; sourceTree = "<group>"; };
		DD1D83E429FFDB7100DE8B68 /* NavigationController.swift */ = {isa = PBXFileReference; lastKnownFileType = sourcecode.swift; path = NavigationController.swift; sourceTree = "<group>"; };
		DD1D83EA29FFDE8E00DE8B68 /* FeedCoordinator.swift */ = {isa = PBXFileReference; lastKnownFileType = sourcecode.swift; path = FeedCoordinator.swift; sourceTree = "<group>"; };
		DD1D83EC29FFDEB200DE8B68 /* FeedFactoring.swift */ = {isa = PBXFileReference; lastKnownFileType = sourcecode.swift; path = FeedFactoring.swift; sourceTree = "<group>"; };
		DD1D83EF29FFDFC800DE8B68 /* FeedScreen.swift */ = {isa = PBXFileReference; lastKnownFileType = sourcecode.swift; path = FeedScreen.swift; sourceTree = "<group>"; };
		DD1D83F129FFDFD900DE8B68 /* FeedStore.swift */ = {isa = PBXFileReference; lastKnownFileType = sourcecode.swift; path = FeedStore.swift; sourceTree = "<group>"; };
		DD1D83F329FFED7D00DE8B68 /* String.swift */ = {isa = PBXFileReference; lastKnownFileType = sourcecode.swift; path = String.swift; sourceTree = "<group>"; };
		DD1D83F729FFF0D900DE8B68 /* CreatePostCoordinator.swift */ = {isa = PBXFileReference; lastKnownFileType = sourcecode.swift; path = CreatePostCoordinator.swift; sourceTree = "<group>"; };
		DD1D83FA29FFF0F900DE8B68 /* CreatePostFactoring.swift */ = {isa = PBXFileReference; lastKnownFileType = sourcecode.swift; path = CreatePostFactoring.swift; sourceTree = "<group>"; };
		DD1D83FD29FFF12300DE8B68 /* UserCoordinator.swift */ = {isa = PBXFileReference; lastKnownFileType = sourcecode.swift; path = UserCoordinator.swift; sourceTree = "<group>"; };
		DD1D83FF29FFF13900DE8B68 /* UserFactoring.swift */ = {isa = PBXFileReference; lastKnownFileType = sourcecode.swift; path = UserFactoring.swift; sourceTree = "<group>"; };
		DD1D840229FFF1D900DE8B68 /* CreatePostScreen.swift */ = {isa = PBXFileReference; lastKnownFileType = sourcecode.swift; path = CreatePostScreen.swift; sourceTree = "<group>"; };
		DD1D840529FFF1E900DE8B68 /* CreatePostStore.swift */ = {isa = PBXFileReference; lastKnownFileType = sourcecode.swift; path = CreatePostStore.swift; sourceTree = "<group>"; };
		DD1D840729FFF28E00DE8B68 /* Colors.xcassets */ = {isa = PBXFileReference; lastKnownFileType = folder.assetcatalog; path = Colors.xcassets; sourceTree = "<group>"; };
		DD1D840929FFF2F000DE8B68 /* Color+AppColors.swift */ = {isa = PBXFileReference; lastKnownFileType = sourcecode.swift; path = "Color+AppColors.swift"; sourceTree = "<group>"; };
		DD1D841029FFF5D500DE8B68 /* Post.swift */ = {isa = PBXFileReference; lastKnownFileType = sourcecode.swift; path = Post.swift; sourceTree = "<group>"; };
		DD1D841329FFF74000DE8B68 /* PostView.swift */ = {isa = PBXFileReference; lastKnownFileType = sourcecode.swift; path = PostView.swift; sourceTree = "<group>"; };
		DD1D841629FFF81100DE8B68 /* View+FirstAppear.swift */ = {isa = PBXFileReference; lastKnownFileType = sourcecode.swift; path = "View+FirstAppear.swift"; sourceTree = "<group>"; };
		DD36B7F32A06CB2A004A0EEC /* AuthenticationError.swift */ = {isa = PBXFileReference; lastKnownFileType = sourcecode.swift; path = AuthenticationError.swift; sourceTree = "<group>"; };
		DD3976112A0549DC0098E9A9 /* SignUpFinishRequest.swift */ = {isa = PBXFileReference; lastKnownFileType = sourcecode.swift; path = SignUpFinishRequest.swift; sourceTree = "<group>"; };
		DD4A11762A012DFD004C765F /* AuthenticationService.swift */ = {isa = PBXFileReference; lastKnownFileType = sourcecode.swift; path = AuthenticationService.swift; sourceTree = "<group>"; };
		DD4A11792A012E0B004C765F /* AuthenticationServicing.swift */ = {isa = PBXFileReference; lastKnownFileType = sourcecode.swift; path = AuthenticationServicing.swift; sourceTree = "<group>"; };
		DD4A117F2A01317E004C765F /* AuthenticationRouter.swift */ = {isa = PBXFileReference; lastKnownFileType = sourcecode.swift; path = AuthenticationRouter.swift; sourceTree = "<group>"; };
		DD4A11882A0134AB004C765F /* PublicKeyCredentialOptions.swift */ = {isa = PBXFileReference; lastKnownFileType = sourcecode.swift; path = PublicKeyCredentialOptions.swift; sourceTree = "<group>"; };
		DD4A118C2A013720004C765F /* SignUpScreen.swift */ = {isa = PBXFileReference; lastKnownFileType = sourcecode.swift; path = SignUpScreen.swift; sourceTree = "<group>"; };
		DD4A118F2A013731004C765F /* SignUpStore.swift */ = {isa = PBXFileReference; lastKnownFileType = sourcecode.swift; path = SignUpStore.swift; sourceTree = "<group>"; };
		DD55F3E329D98B5E000EF8AF /* Yuck.app */ = {isa = PBXFileReference; explicitFileType = wrapper.application; includeInIndex = 0; path = Yuck.app; sourceTree = BUILT_PRODUCTS_DIR; };
		DD55F3E629D98B5E000EF8AF /* AppDelegate.swift */ = {isa = PBXFileReference; lastKnownFileType = sourcecode.swift; path = AppDelegate.swift; sourceTree = "<group>"; };
		DD55F3E829D98B5E000EF8AF /* SceneDelegate.swift */ = {isa = PBXFileReference; lastKnownFileType = sourcecode.swift; path = SceneDelegate.swift; sourceTree = "<group>"; };
		DD55F3EF29D98B5E000EF8AF /* Assets.xcassets */ = {isa = PBXFileReference; lastKnownFileType = folder.assetcatalog; path = Assets.xcassets; sourceTree = "<group>"; };
		DD55F3F229D98B5E000EF8AF /* Base */ = {isa = PBXFileReference; lastKnownFileType = file.storyboard; name = Base; path = Base.lproj/LaunchScreen.storyboard; sourceTree = "<group>"; };
		DD55F3F429D98B5E000EF8AF /* Info.plist */ = {isa = PBXFileReference; lastKnownFileType = text.plist.xml; path = Info.plist; sourceTree = "<group>"; };
		DD55F40329D98C20000EF8AF /* AppCoordinatingContaining.swift */ = {isa = PBXFileReference; lastKnownFileType = sourcecode.swift; path = AppCoordinatingContaining.swift; sourceTree = "<group>"; };
		DD55F40529D98C39000EF8AF /* AppCoordinating.swift */ = {isa = PBXFileReference; lastKnownFileType = sourcecode.swift; path = AppCoordinating.swift; sourceTree = "<group>"; };
		DD55F40829D98C96000EF8AF /* Development.xcconfig */ = {isa = PBXFileReference; lastKnownFileType = text.xcconfig; path = Development.xcconfig; sourceTree = "<group>"; };
		DD55F40929D98CA5000EF8AF /* Production.xcconfig */ = {isa = PBXFileReference; lastKnownFileType = text.xcconfig; path = Production.xcconfig; sourceTree = "<group>"; };
		DD55F40B29D98D98000EF8AF /* Coordinator.swift */ = {isa = PBXFileReference; lastKnownFileType = sourcecode.swift; path = Coordinator.swift; sourceTree = "<group>"; };
		DD55F41029D98E9D000EF8AF /* Configuration.swift */ = {isa = PBXFileReference; lastKnownFileType = sourcecode.swift; path = Configuration.swift; sourceTree = "<group>"; };
		DD55F41329D98EBC000EF8AF /* SceneManifest.swift */ = {isa = PBXFileReference; lastKnownFileType = sourcecode.swift; path = SceneManifest.swift; sourceTree = "<group>"; };
		DD55F41529D98ECC000EF8AF /* SceneConfigurationsContainer.swift */ = {isa = PBXFileReference; lastKnownFileType = sourcecode.swift; path = SceneConfigurationsContainer.swift; sourceTree = "<group>"; };
		DD55F41729D98ED8000EF8AF /* SceneConfiguration.swift */ = {isa = PBXFileReference; lastKnownFileType = sourcecode.swift; path = SceneConfiguration.swift; sourceTree = "<group>"; };
		DD55F41929D99067000EF8AF /* SceneCoordinating.swift */ = {isa = PBXFileReference; lastKnownFileType = sourcecode.swift; path = SceneCoordinating.swift; sourceTree = "<group>"; };
		DD55F41C29D990C3000EF8AF /* InitialSceneCoordinator.swift */ = {isa = PBXFileReference; lastKnownFileType = sourcecode.swift; path = InitialSceneCoordinator.swift; sourceTree = "<group>"; };
		DD55F41E29D990DB000EF8AF /* InitialSceneCoordinatoring.swift */ = {isa = PBXFileReference; lastKnownFileType = sourcecode.swift; path = InitialSceneCoordinatoring.swift; sourceTree = "<group>"; };
		DD55F42129D99111000EF8AF /* AppCoordinator.swift */ = {isa = PBXFileReference; lastKnownFileType = sourcecode.swift; path = AppCoordinator.swift; sourceTree = "<group>"; };
		DD55F42429D99139000EF8AF /* ActiveScene.swift */ = {isa = PBXFileReference; lastKnownFileType = sourcecode.swift; path = ActiveScene.swift; sourceTree = "<group>"; };
		DD55F42729D9914F000EF8AF /* ManagerRegistration.swift */ = {isa = PBXFileReference; lastKnownFileType = sourcecode.swift; path = ManagerRegistration.swift; sourceTree = "<group>"; };
		DD55F42929D9915F000EF8AF /* ServiceRegistration.swift */ = {isa = PBXFileReference; lastKnownFileType = sourcecode.swift; path = ServiceRegistration.swift; sourceTree = "<group>"; };
		DD55F42B29D9917E000EF8AF /* StoreRegistration.swift */ = {isa = PBXFileReference; lastKnownFileType = sourcecode.swift; path = StoreRegistration.swift; sourceTree = "<group>"; };
		DD55F42D29D991B8000EF8AF /* StoreContaining.swift */ = {isa = PBXFileReference; lastKnownFileType = sourcecode.swift; path = StoreContaining.swift; sourceTree = "<group>"; };
		DD55F42F29D991EB000EF8AF /* UISceneDelegate+AppCoordinator.swift */ = {isa = PBXFileReference; lastKnownFileType = sourcecode.swift; path = "UISceneDelegate+AppCoordinator.swift"; sourceTree = "<group>"; };
		DD55F43329D9921F000EF8AF /* Store.swift */ = {isa = PBXFileReference; lastKnownFileType = sourcecode.swift; path = Store.swift; sourceTree = "<group>"; };
		DD55F43529D99229000EF8AF /* StoreState.swift */ = {isa = PBXFileReference; lastKnownFileType = sourcecode.swift; path = StoreState.swift; sourceTree = "<group>"; };
		DD55F43B29D99396000EF8AF /* en */ = {isa = PBXFileReference; lastKnownFileType = text.plist.strings; name = en; path = en.lproj/Localizable.strings; sourceTree = "<group>"; };
		DD55F44129D99867000EF8AF /* UserDefaultsWrapper.swift */ = {isa = PBXFileReference; lastKnownFileType = sourcecode.swift; path = UserDefaultsWrapper.swift; sourceTree = "<group>"; };
		DD55F44329D99874000EF8AF /* UserDefaultsProvider.swift */ = {isa = PBXFileReference; lastKnownFileType = sourcecode.swift; path = UserDefaultsProvider.swift; sourceTree = "<group>"; };
		DD55F44829D998FF000EF8AF /* AppLogger.swift */ = {isa = PBXFileReference; lastKnownFileType = sourcecode.swift; path = AppLogger.swift; sourceTree = "<group>"; };
		DD55F44D29D999DE000EF8AF /* NavigationControllerCoordinator.swift */ = {isa = PBXFileReference; lastKnownFileType = sourcecode.swift; path = NavigationControllerCoordinator.swift; sourceTree = "<group>"; };
		DD55F44F29D999ED000EF8AF /* ViewControllerCoordinator.swift */ = {isa = PBXFileReference; lastKnownFileType = sourcecode.swift; path = ViewControllerCoordinator.swift; sourceTree = "<group>"; };
		DD55F45429D99B1C000EF8AF /* TabbarCoordinator.swift */ = {isa = PBXFileReference; lastKnownFileType = sourcecode.swift; path = TabbarCoordinator.swift; sourceTree = "<group>"; };
		DD55F45629D99BAB000EF8AF /* PresentationType.swift */ = {isa = PBXFileReference; lastKnownFileType = sourcecode.swift; path = PresentationType.swift; sourceTree = "<group>"; };
		DD55F45E29D99E83000EF8AF /* EventEmitting.swift */ = {isa = PBXFileReference; lastKnownFileType = sourcecode.swift; path = EventEmitting.swift; sourceTree = "<group>"; };
		DD55F46029D99E8A000EF8AF /* SubscriptionCancellable.swift */ = {isa = PBXFileReference; lastKnownFileType = sourcecode.swift; path = SubscriptionCancellable.swift; sourceTree = "<group>"; };
		DD55F46229D9A08C000EF8AF /* TabbarControllerCoordinator.swift */ = {isa = PBXFileReference; lastKnownFileType = sourcecode.swift; path = TabbarControllerCoordinator.swift; sourceTree = "<group>"; };
		DD5C3B612A0694DA009D8248 /* JwtResponse.swift */ = {isa = PBXFileReference; lastKnownFileType = sourcecode.swift; path = JwtResponse.swift; sourceTree = "<group>"; };
		DD5C3B632A06962F009D8248 /* Publishers+async.swift */ = {isa = PBXFileReference; lastKnownFileType = sourcecode.swift; path = "Publishers+async.swift"; sourceTree = "<group>"; };
		DD697C9B29FFD1230010C152 /* Resources.swift */ = {isa = PBXFileReference; lastKnownFileType = sourcecode.swift; path = Resources.swift; sourceTree = "<group>"; };
		DD8813A62A0B93360075D138 /* AuthenticationResult.swift */ = {isa = PBXFileReference; lastKnownFileType = sourcecode.swift; path = AuthenticationResult.swift; sourceTree = "<group>"; };
		DDC40CC62A0657B4005E7FEE /* PublicKeyRequestOptions.swift */ = {isa = PBXFileReference; lastKnownFileType = sourcecode.swift; path = PublicKeyRequestOptions.swift; sourceTree = "<group>"; };
		DDC40CC92A065B47005E7FEE /* SignInFinishRequest.swift */ = {isa = PBXFileReference; lastKnownFileType = sourcecode.swift; path = SignInFinishRequest.swift; sourceTree = "<group>"; };
		DDCE0AF32A01865800EC15EA /* PrimaryButtonModifier.swift */ = {isa = PBXFileReference; lastKnownFileType = sourcecode.swift; path = PrimaryButtonModifier.swift; sourceTree = "<group>"; };
		DDCE0AF52A01892F00EC15EA /* PrimaryTextFieldModifier.swift */ = {isa = PBXFileReference; lastKnownFileType = sourcecode.swift; path = PrimaryTextFieldModifier.swift; sourceTree = "<group>"; };
		DDCE0AF82A018BCA00EC15EA /* Constants.swift */ = {isa = PBXFileReference; lastKnownFileType = sourcecode.swift; path = Constants.swift; sourceTree = "<group>"; };
		DDCE0AFF2A018C3F00EC15EA /* EmojiPicker.swift */ = {isa = PBXFileReference; lastKnownFileType = sourcecode.swift; path = EmojiPicker.swift; sourceTree = "<group>"; };
		DDCE0B022A018CC600EC15EA /* EmojiItem.swift */ = {isa = PBXFileReference; lastKnownFileType = sourcecode.swift; path = EmojiItem.swift; sourceTree = "<group>"; };
		DDECFE6B29FFCAF100D562A4 /* OnboardingCoordinator.swift */ = {isa = PBXFileReference; lastKnownFileType = sourcecode.swift; path = OnboardingCoordinator.swift; sourceTree = "<group>"; };
		DDECFE6D29FFCBDA00D562A4 /* OnboardingFactoring.swift */ = {isa = PBXFileReference; lastKnownFileType = sourcecode.swift; path = OnboardingFactoring.swift; sourceTree = "<group>"; };
		DDECFE7129FFCC1100D562A4 /* WelcomeScreen.swift */ = {isa = PBXFileReference; lastKnownFileType = sourcecode.swift; path = WelcomeScreen.swift; sourceTree = "<group>"; };
		DDECFE7329FFCC2800D562A4 /* WelcomeStore.swift */ = {isa = PBXFileReference; lastKnownFileType = sourcecode.swift; path = WelcomeStore.swift; sourceTree = "<group>"; };
/* End PBXFileReference section */

/* Begin PBXFrameworksBuildPhase section */
		DD55F3E029D98B5E000EF8AF /* Frameworks */ = {
			isa = PBXFrameworksBuildPhase;
			buildActionMask = 2147483647;
			files = (
				DD55F40F29D98E70000EF8AF /* DependencyInjection in Frameworks */,
				DD55F44729D998DD000EF8AF /* XCGLogger in Frameworks */,
				DD1D83E129FFDA8000DE8B68 /* SFSafeSymbols in Frameworks */,
				DD4A117D2A013153004C765F /* Networking in Frameworks */,
				DD1D83DB29FFD1E200DE8B68 /* RswiftLibrary in Frameworks */,
			);
			runOnlyForDeploymentPostprocessing = 0;
		};
/* End PBXFrameworksBuildPhase section */

/* Begin PBXGroup section */
		DD142CB62A023C4900C8040A /* Shared */ = {
			isa = PBXGroup;
			children = (
				DD142CB82A023C4E00C8040A /* FittedScrollView.swift */,
			);
			path = Shared;
			sourceTree = "<group>";
		};
		DD1D83E329FFDB6A00DE8B68 /* Shared */ = {
			isa = PBXGroup;
			children = (
				DD1D83E429FFDB7100DE8B68 /* NavigationController.swift */,
			);
			path = Shared;
			sourceTree = "<group>";
		};
		DD1D83E929FFDE8500DE8B68 /* Feed */ = {
			isa = PBXGroup;
			children = (
				DD1D83EA29FFDE8E00DE8B68 /* FeedCoordinator.swift */,
				DD1D83EC29FFDEB200DE8B68 /* FeedFactoring.swift */,
			);
			path = Feed;
			sourceTree = "<group>";
		};
		DD1D83EE29FFDFC300DE8B68 /* Feed */ = {
			isa = PBXGroup;
			children = (
				DD1D83EF29FFDFC800DE8B68 /* FeedScreen.swift */,
				DD1D83F129FFDFD900DE8B68 /* FeedStore.swift */,
				DD1D841329FFF74000DE8B68 /* PostView.swift */,
			);
			path = Feed;
			sourceTree = "<group>";
		};
		DD1D83F629FFF0CF00DE8B68 /* Create Post */ = {
			isa = PBXGroup;
			children = (
				DD1D83F729FFF0D900DE8B68 /* CreatePostCoordinator.swift */,
				DD1D83FA29FFF0F900DE8B68 /* CreatePostFactoring.swift */,
			);
			path = "Create Post";
			sourceTree = "<group>";
		};
		DD1D83FC29FFF11A00DE8B68 /* User */ = {
			isa = PBXGroup;
			children = (
				DD1D83FD29FFF12300DE8B68 /* UserCoordinator.swift */,
				DD1D83FF29FFF13900DE8B68 /* UserFactoring.swift */,
			);
			path = User;
			sourceTree = "<group>";
		};
		DD1D840129FFF1D200DE8B68 /* Create Post */ = {
			isa = PBXGroup;
			children = (
				DD1D840229FFF1D900DE8B68 /* CreatePostScreen.swift */,
				DD1D840529FFF1E900DE8B68 /* CreatePostStore.swift */,
			);
			path = "Create Post";
			sourceTree = "<group>";
		};
		DD1D840F29FFF5D100DE8B68 /* Model */ = {
			isa = PBXGroup;
			children = (
				DD1D841029FFF5D500DE8B68 /* Post.swift */,
			);
			path = Model;
			sourceTree = "<group>";
		};
		DD1D841529FFF80A00DE8B68 /* UI */ = {
			isa = PBXGroup;
			children = (
				DD55F42F29D991EB000EF8AF /* UISceneDelegate+AppCoordinator.swift */,
				DD1D841629FFF81100DE8B68 /* View+FirstAppear.swift */,
			);
			path = UI;
			sourceTree = "<group>";
		};
		DD36B7F12A06CB1D004A0EEC /* Services */ = {
			isa = PBXGroup;
			children = (
				DD4A11762A012DFD004C765F /* AuthenticationService.swift */,
				DD36B7F32A06CB2A004A0EEC /* AuthenticationError.swift */,
				DD8813A62A0B93360075D138 /* AuthenticationResult.swift */,
			);
			path = Services;
			sourceTree = "<group>";
		};
		DD4A11782A012E05004C765F /* Protocols */ = {
			isa = PBXGroup;
			children = (
				DD4A11792A012E0B004C765F /* AuthenticationServicing.swift */,
			);
			path = Protocols;
			sourceTree = "<group>";
		};
		DD4A117E2A013171004C765F /* Networking */ = {
			isa = PBXGroup;
			children = (
				DD4A11872A0134A6004C765F /* Response */,
				DD4A11842A01323A004C765F /* Request */,
				DD4A117F2A01317E004C765F /* AuthenticationRouter.swift */,
			);
			path = Networking;
			sourceTree = "<group>";
		};
		DD4A11842A01323A004C765F /* Request */ = {
			isa = PBXGroup;
			children = (
				DD3976112A0549DC0098E9A9 /* SignUpFinishRequest.swift */,
				DDC40CC92A065B47005E7FEE /* SignInFinishRequest.swift */,
			);
			path = Request;
			sourceTree = "<group>";
		};
		DD4A11872A0134A6004C765F /* Response */ = {
			isa = PBXGroup;
			children = (
				DD4A11882A0134AB004C765F /* PublicKeyCredentialOptions.swift */,
				DDC40CC62A0657B4005E7FEE /* PublicKeyRequestOptions.swift */,
				DD5C3B612A0694DA009D8248 /* JwtResponse.swift */,
			);
			path = Response;
			sourceTree = "<group>";
		};
		DD4A118B2A013715004C765F /* SignUp */ = {
			isa = PBXGroup;
			children = (
				DD4A118C2A013720004C765F /* SignUpScreen.swift */,
				DD4A118F2A013731004C765F /* SignUpStore.swift */,
			);
			path = SignUp;
			sourceTree = "<group>";
		};
		DD55F3DA29D98B5E000EF8AF = {
			isa = PBXGroup;
			children = (
				DD142CBB2A029C0800C8040A /* Yuck.entitlements */,
				DD55F40729D98C51000EF8AF /* Configurations */,
				DD55F3E529D98B5E000EF8AF /* yuck */,
				DD55F3E429D98B5E000EF8AF /* Products */,
			);
			sourceTree = "<group>";
		};
		DD55F3E429D98B5E000EF8AF /* Products */ = {
			isa = PBXGroup;
			children = (
				DD55F3E329D98B5E000EF8AF /* Yuck.app */,
			);
			name = Products;
			sourceTree = "<group>";
		};
		DD55F3E529D98B5E000EF8AF /* yuck */ = {
			isa = PBXGroup;
			children = (
				DD55F40029D98C07000EF8AF /* Domain */,
				DD55F3FF29D98BC5000EF8AF /* Support */,
				DD55F3FD29D98BBA000EF8AF /* Common */,
				DD55F3FC29D98BB4000EF8AF /* Application */,
				DD55F3FB29D98BAD000EF8AF /* Infrastructure */,
				DD55F3FA29D98BA9000EF8AF /* UI */,
			);
			path = yuck;
			sourceTree = "<group>";
		};
		DD55F3FA29D98BA9000EF8AF /* UI */ = {
			isa = PBXGroup;
			children = (
				DDCE0AFB2A018C2900EC15EA /* Components */,
				DDCE0AF12A01864E00EC15EA /* ViewModifiers */,
				DD55F40A29D98D67000EF8AF /* Views */,
				DD55F40129D98C10000EF8AF /* Coordinators */,
			);
			path = UI;
			sourceTree = "<group>";
		};
		DD55F3FB29D98BAD000EF8AF /* Infrastructure */ = {
			isa = PBXGroup;
			children = (
				DD36B7F12A06CB1D004A0EEC /* Services */,
				DD4A117E2A013171004C765F /* Networking */,
			);
			path = Infrastructure;
			sourceTree = "<group>";
		};
		DD55F3FC29D98BB4000EF8AF /* Application */ = {
			isa = PBXGroup;
			children = (
				DD55F41229D98EB5000EF8AF /* Scene */,
				DD55F3E829D98B5E000EF8AF /* SceneDelegate.swift */,
				DD55F3E629D98B5E000EF8AF /* AppDelegate.swift */,
				DD55F41029D98E9D000EF8AF /* Configuration.swift */,
				DDCE0AF82A018BCA00EC15EA /* Constants.swift */,
			);
			path = Application;
			sourceTree = "<group>";
		};
		DD55F3FD29D98BBA000EF8AF /* Common */ = {
			isa = PBXGroup;
			children = (
				DD55F43E29D99857000EF8AF /* Utils */,
				DD55F42629D99148000EF8AF /* DI */,
				DD55F42329D99135000EF8AF /* Types */,
				DD55F3FE29D98BC0000EF8AF /* Extensions */,
			);
			path = Common;
			sourceTree = "<group>";
		};
		DD55F3FE29D98BC0000EF8AF /* Extensions */ = {
			isa = PBXGroup;
			children = (
				DD1D841529FFF80A00DE8B68 /* UI */,
				DD1D83F329FFED7D00DE8B68 /* String.swift */,
				DD1D840929FFF2F000DE8B68 /* Color+AppColors.swift */,
				DD5C3B632A06962F009D8248 /* Publishers+async.swift */,
			);
			path = Extensions;
			sourceTree = "<group>";
		};
		DD55F3FF29D98BC5000EF8AF /* Support */ = {
			isa = PBXGroup;
			children = (
				DD55F3EF29D98B5E000EF8AF /* Assets.xcassets */,
				DD55F3F429D98B5E000EF8AF /* Info.plist */,
				DD55F3F129D98B5E000EF8AF /* LaunchScreen.storyboard */,
				DD55F43C29D99396000EF8AF /* Localizable.strings */,
				DD1D840729FFF28E00DE8B68 /* Colors.xcassets */,
			);
			path = Support;
			sourceTree = "<group>";
		};
		DD55F40029D98C07000EF8AF /* Domain */ = {
			isa = PBXGroup;
			children = (
				DD4A11782A012E05004C765F /* Protocols */,
				DD1D840F29FFF5D100DE8B68 /* Model */,
			);
			path = Domain;
			sourceTree = "<group>";
		};
		DD55F40129D98C10000EF8AF /* Coordinators */ = {
			isa = PBXGroup;
			children = (
				DD1D83FC29FFF11A00DE8B68 /* User */,
				DD1D83F629FFF0CF00DE8B68 /* Create Post */,
				DD1D83E929FFDE8500DE8B68 /* Feed */,
				DDECFE6A29FFCAE800D562A4 /* Onboarding */,
				DD55F45329D99B11000EF8AF /* Tabbar */,
				DD55F42029D9910B000EF8AF /* App */,
				DD55F41B29D9909B000EF8AF /* Scene */,
				DD55F40229D98C14000EF8AF /* Protocols */,
			);
			path = Coordinators;
			sourceTree = "<group>";
		};
		DD55F40229D98C14000EF8AF /* Protocols */ = {
			isa = PBXGroup;
			children = (
				DD55F45D29D99E7D000EF8AF /* Events */,
				DD55F43229D9920D000EF8AF /* Store */,
				DD55F43129D991FE000EF8AF /* Coordinators */,
			);
			path = Protocols;
			sourceTree = "<group>";
		};
		DD55F40729D98C51000EF8AF /* Configurations */ = {
			isa = PBXGroup;
			children = (
				DD55F40829D98C96000EF8AF /* Development.xcconfig */,
				DD55F40929D98CA5000EF8AF /* Production.xcconfig */,
			);
			path = Configurations;
			sourceTree = "<group>";
		};
		DD55F40A29D98D67000EF8AF /* Views */ = {
			isa = PBXGroup;
			children = (
				DD1D840129FFF1D200DE8B68 /* Create Post */,
				DD1D83EE29FFDFC300DE8B68 /* Feed */,
				DD1D83E329FFDB6A00DE8B68 /* Shared */,
				DDECFE6F29FFCC0500D562A4 /* Onboarding */,
			);
			path = Views;
			sourceTree = "<group>";
		};
		DD55F41229D98EB5000EF8AF /* Scene */ = {
			isa = PBXGroup;
			children = (
				DD55F41329D98EBC000EF8AF /* SceneManifest.swift */,
				DD55F41529D98ECC000EF8AF /* SceneConfigurationsContainer.swift */,
				DD55F41729D98ED8000EF8AF /* SceneConfiguration.swift */,
			);
			path = Scene;
			sourceTree = "<group>";
		};
		DD55F41B29D9909B000EF8AF /* Scene */ = {
			isa = PBXGroup;
			children = (
				DD55F41C29D990C3000EF8AF /* InitialSceneCoordinator.swift */,
				DD55F41E29D990DB000EF8AF /* InitialSceneCoordinatoring.swift */,
			);
			path = Scene;
			sourceTree = "<group>";
		};
		DD55F42029D9910B000EF8AF /* App */ = {
			isa = PBXGroup;
			children = (
				DD55F42129D99111000EF8AF /* AppCoordinator.swift */,
			);
			path = App;
			sourceTree = "<group>";
		};
		DD55F42329D99135000EF8AF /* Types */ = {
			isa = PBXGroup;
			children = (
				DD55F42429D99139000EF8AF /* ActiveScene.swift */,
				DD55F45629D99BAB000EF8AF /* PresentationType.swift */,
				DD697C9B29FFD1230010C152 /* Resources.swift */,
			);
			path = Types;
			sourceTree = "<group>";
		};
		DD55F42629D99148000EF8AF /* DI */ = {
			isa = PBXGroup;
			children = (
				DD55F42729D9914F000EF8AF /* ManagerRegistration.swift */,
				DD55F42929D9915F000EF8AF /* ServiceRegistration.swift */,
				DD55F42B29D9917E000EF8AF /* StoreRegistration.swift */,
			);
			path = DI;
			sourceTree = "<group>";
		};
		DD55F43129D991FE000EF8AF /* Coordinators */ = {
			isa = PBXGroup;
			children = (
				DD55F44D29D999DE000EF8AF /* NavigationControllerCoordinator.swift */,
				DD55F40329D98C20000EF8AF /* AppCoordinatingContaining.swift */,
				DD55F40529D98C39000EF8AF /* AppCoordinating.swift */,
				DD55F40B29D98D98000EF8AF /* Coordinator.swift */,
				DD55F41929D99067000EF8AF /* SceneCoordinating.swift */,
				DD55F44F29D999ED000EF8AF /* ViewControllerCoordinator.swift */,
				DD55F46229D9A08C000EF8AF /* TabbarControllerCoordinator.swift */,
			);
			path = Coordinators;
			sourceTree = "<group>";
		};
		DD55F43229D9920D000EF8AF /* Store */ = {
			isa = PBXGroup;
			children = (
				DD55F42D29D991B8000EF8AF /* StoreContaining.swift */,
				DD55F43329D9921F000EF8AF /* Store.swift */,
				DD55F43529D99229000EF8AF /* StoreState.swift */,
			);
			path = Store;
			sourceTree = "<group>";
		};
		DD55F43E29D99857000EF8AF /* Utils */ = {
			isa = PBXGroup;
			children = (
				DD55F44129D99867000EF8AF /* UserDefaultsWrapper.swift */,
				DD55F44329D99874000EF8AF /* UserDefaultsProvider.swift */,
				DD55F44829D998FF000EF8AF /* AppLogger.swift */,
			);
			path = Utils;
			sourceTree = "<group>";
		};
		DD55F45329D99B11000EF8AF /* Tabbar */ = {
			isa = PBXGroup;
			children = (
				DD55F45429D99B1C000EF8AF /* TabbarCoordinator.swift */,
			);
			path = Tabbar;
			sourceTree = "<group>";
		};
		DD55F45D29D99E7D000EF8AF /* Events */ = {
			isa = PBXGroup;
			children = (
				DD55F45E29D99E83000EF8AF /* EventEmitting.swift */,
				DD55F46029D99E8A000EF8AF /* SubscriptionCancellable.swift */,
			);
			path = Events;
			sourceTree = "<group>";
		};
		DDCE0AF12A01864E00EC15EA /* ViewModifiers */ = {
			isa = PBXGroup;
			children = (
				DDCE0AF32A01865800EC15EA /* PrimaryButtonModifier.swift */,
				DDCE0AF52A01892F00EC15EA /* PrimaryTextFieldModifier.swift */,
			);
			path = ViewModifiers;
			sourceTree = "<group>";
		};
		DDCE0AFB2A018C2900EC15EA /* Components */ = {
			isa = PBXGroup;
			children = (
				DD142CB62A023C4900C8040A /* Shared */,
				DDCE0B012A018CBF00EC15EA /* Emoji */,
				DDCE0AFF2A018C3F00EC15EA /* EmojiPicker.swift */,
			);
			path = Components;
			sourceTree = "<group>";
		};
		DDCE0B012A018CBF00EC15EA /* Emoji */ = {
			isa = PBXGroup;
			children = (
				DDCE0B022A018CC600EC15EA /* EmojiItem.swift */,
			);
			path = Emoji;
			sourceTree = "<group>";
		};
		DDECFE6A29FFCAE800D562A4 /* Onboarding */ = {
			isa = PBXGroup;
			children = (
				DDECFE6B29FFCAF100D562A4 /* OnboardingCoordinator.swift */,
				DDECFE6D29FFCBDA00D562A4 /* OnboardingFactoring.swift */,
			);
			path = Onboarding;
			sourceTree = "<group>";
		};
		DDECFE6F29FFCC0500D562A4 /* Onboarding */ = {
			isa = PBXGroup;
			children = (
				DD4A118B2A013715004C765F /* SignUp */,
				DDECFE7029FFCC0900D562A4 /* Welcome */,
			);
			path = Onboarding;
			sourceTree = "<group>";
		};
		DDECFE7029FFCC0900D562A4 /* Welcome */ = {
			isa = PBXGroup;
			children = (
				DDECFE7129FFCC1100D562A4 /* WelcomeScreen.swift */,
				DDECFE7329FFCC2800D562A4 /* WelcomeStore.swift */,
			);
			path = Welcome;
			sourceTree = "<group>";
		};
/* End PBXGroup section */

/* Begin PBXNativeTarget section */
		DD55F3E229D98B5E000EF8AF /* Yuck */ = {
			isa = PBXNativeTarget;
			buildConfigurationList = DD55F3F729D98B5E000EF8AF /* Build configuration list for PBXNativeTarget "Yuck" */;
			buildPhases = (
				DD1D840B29FFF3C800DE8B68 /* SwiftLint */,
				DD55F3DF29D98B5E000EF8AF /* Sources */,
				DD55F3E029D98B5E000EF8AF /* Frameworks */,
				DD55F3E129D98B5E000EF8AF /* Resources */,
			);
			buildRules = (
			);
			dependencies = (
				DD1D83DD29FFD1F400DE8B68 /* PBXTargetDependency */,
			);
			name = Yuck;
			packageProductDependencies = (
				DD55F40E29D98E70000EF8AF /* DependencyInjection */,
				DD55F44629D998DD000EF8AF /* XCGLogger */,
				DD1D83DA29FFD1E200DE8B68 /* RswiftLibrary */,
				DD1D83E029FFDA8000DE8B68 /* SFSafeSymbols */,
				DD4A117C2A013153004C765F /* Networking */,
			);
			productName = "workout-stats";
			productReference = DD55F3E329D98B5E000EF8AF /* Yuck.app */;
			productType = "com.apple.product-type.application";
		};
/* End PBXNativeTarget section */

/* Begin PBXProject section */
		DD55F3DB29D98B5E000EF8AF /* Project object */ = {
			isa = PBXProject;
			attributes = {
				BuildIndependentTargetsInParallel = 1;
				LastSwiftUpdateCheck = 1430;
				LastUpgradeCheck = 1430;
				TargetAttributes = {
					DD55F3E229D98B5E000EF8AF = {
						CreatedOnToolsVersion = 14.3;
					};
				};
			};
			buildConfigurationList = DD55F3DE29D98B5E000EF8AF /* Build configuration list for PBXProject "Yuck" */;
			compatibilityVersion = "Xcode 14.0";
			developmentRegion = en;
			hasScannedForEncodings = 0;
			knownRegions = (
				en,
				Base,
			);
			mainGroup = DD55F3DA29D98B5E000EF8AF;
			packageReferences = (
				DD55F40D29D98E70000EF8AF /* XCRemoteSwiftPackageReference "ios-dependency-injection" */,
				DD55F44529D998DD000EF8AF /* XCRemoteSwiftPackageReference "XCGLogger" */,
				DD1D83D929FFD1E200DE8B68 /* XCRemoteSwiftPackageReference "R" */,
				DD1D83DF29FFDA8000DE8B68 /* XCRemoteSwiftPackageReference "SFSafeSymbols" */,
				DD4A117B2A013153004C765F /* XCRemoteSwiftPackageReference "ios-networking" */,
			);
			productRefGroup = DD55F3E429D98B5E000EF8AF /* Products */;
			projectDirPath = "";
			projectRoot = "";
			targets = (
				DD55F3E229D98B5E000EF8AF /* Yuck */,
			);
		};
/* End PBXProject section */

/* Begin PBXResourcesBuildPhase section */
		DD55F3E129D98B5E000EF8AF /* Resources */ = {
			isa = PBXResourcesBuildPhase;
			buildActionMask = 2147483647;
			files = (
				DD55F3F329D98B5E000EF8AF /* LaunchScreen.storyboard in Resources */,
				DD1D840829FFF28E00DE8B68 /* Colors.xcassets in Resources */,
				DD55F43A29D99396000EF8AF /* Localizable.strings in Resources */,
				DD55F3F029D98B5E000EF8AF /* Assets.xcassets in Resources */,
			);
			runOnlyForDeploymentPostprocessing = 0;
		};
/* End PBXResourcesBuildPhase section */

/* Begin PBXShellScriptBuildPhase section */
		DD1D840B29FFF3C800DE8B68 /* SwiftLint */ = {
			isa = PBXShellScriptBuildPhase;
			buildActionMask = 2147483647;
			files = (
			);
			inputFileListPaths = (
			);
			inputPaths = (
			);
			name = SwiftLint;
			outputFileListPaths = (
			);
			outputPaths = (
			);
			runOnlyForDeploymentPostprocessing = 0;
			shellPath = /bin/sh;
			shellScript = "export PATH=\"$PATH:/opt/homebrew/bin\"\nif which swiftlint > /dev/null; then\n  swiftlint\nelse\n  echo \"warning: SwiftLint not installed, download from https://github.com/realm/SwiftLint\"\nfi\n";
		};
/* End PBXShellScriptBuildPhase section */

/* Begin PBXSourcesBuildPhase section */
		DD55F3DF29D98B5E000EF8AF /* Sources */ = {
			isa = PBXSourcesBuildPhase;
			buildActionMask = 2147483647;
			files = (
				DD5C3B622A0694DA009D8248 /* JwtResponse.swift in Sources */,
				DD55F43429D9921F000EF8AF /* Store.swift in Sources */,
				DD4A118D2A013720004C765F /* SignUpScreen.swift in Sources */,
				DD1D840329FFF1D900DE8B68 /* CreatePostScreen.swift in Sources */,
				DD55F41A29D99067000EF8AF /* SceneCoordinating.swift in Sources */,
				DD4A11892A0134AB004C765F /* PublicKeyCredentialOptions.swift in Sources */,
				DD1D840029FFF13900DE8B68 /* UserFactoring.swift in Sources */,
				DD55F40429D98C20000EF8AF /* AppCoordinatingContaining.swift in Sources */,
				DD55F41829D98ED8000EF8AF /* SceneConfiguration.swift in Sources */,
				DD1D83F829FFF0D900DE8B68 /* CreatePostCoordinator.swift in Sources */,
				DDCE0AF92A018BCA00EC15EA /* Constants.swift in Sources */,
				DD1D83EB29FFDE8E00DE8B68 /* FeedCoordinator.swift in Sources */,
				DD55F42E29D991B8000EF8AF /* StoreContaining.swift in Sources */,
				DD1D841129FFF5D500DE8B68 /* Post.swift in Sources */,
				DDCE0B002A018C3F00EC15EA /* EmojiPicker.swift in Sources */,
				DD5C3B642A06962F009D8248 /* Publishers+async.swift in Sources */,
				DD1D83FB29FFF0F900DE8B68 /* CreatePostFactoring.swift in Sources */,
				DD4A11772A012DFD004C765F /* AuthenticationService.swift in Sources */,
				DD4A11802A01317E004C765F /* AuthenticationRouter.swift in Sources */,
				DDECFE7429FFCC2800D562A4 /* WelcomeStore.swift in Sources */,
				DD1D840A29FFF2F000DE8B68 /* Color+AppColors.swift in Sources */,
				DD1D83F229FFDFD900DE8B68 /* FeedStore.swift in Sources */,
				DD55F41F29D990DB000EF8AF /* InitialSceneCoordinatoring.swift in Sources */,
				DD55F40629D98C39000EF8AF /* AppCoordinating.swift in Sources */,
				DD55F46129D99E8A000EF8AF /* SubscriptionCancellable.swift in Sources */,
				DD8813A72A0B93360075D138 /* AuthenticationResult.swift in Sources */,
				DDC40CC72A0657B4005E7FEE /* PublicKeyRequestOptions.swift in Sources */,
				DD55F43629D99229000EF8AF /* StoreState.swift in Sources */,
				DD55F41D29D990C3000EF8AF /* InitialSceneCoordinator.swift in Sources */,
				DD36B7F42A06CB2A004A0EEC /* AuthenticationError.swift in Sources */,
				DD55F42C29D9917E000EF8AF /* StoreRegistration.swift in Sources */,
				DD55F42229D99111000EF8AF /* AppCoordinator.swift in Sources */,
				DD55F44929D998FF000EF8AF /* AppLogger.swift in Sources */,
				DD55F41629D98ECC000EF8AF /* SceneConfigurationsContainer.swift in Sources */,
				DD55F42529D99139000EF8AF /* ActiveScene.swift in Sources */,
				DDC40CCA2A065B47005E7FEE /* SignInFinishRequest.swift in Sources */,
				DD1D83F429FFED7D00DE8B68 /* String.swift in Sources */,
				DD55F41129D98E9D000EF8AF /* Configuration.swift in Sources */,
				DD55F42829D9914F000EF8AF /* ManagerRegistration.swift in Sources */,
				DD1D83ED29FFDEB200DE8B68 /* FeedFactoring.swift in Sources */,
				DD55F45029D999ED000EF8AF /* ViewControllerCoordinator.swift in Sources */,
				DDECFE6E29FFCBDA00D562A4 /* OnboardingFactoring.swift in Sources */,
				DD55F46329D9A08C000EF8AF /* TabbarControllerCoordinator.swift in Sources */,
				DDCE0AF62A01892F00EC15EA /* PrimaryTextFieldModifier.swift in Sources */,
				DD55F44229D99867000EF8AF /* UserDefaultsWrapper.swift in Sources */,
				DD55F44E29D999DE000EF8AF /* NavigationControllerCoordinator.swift in Sources */,
				DDECFE7229FFCC1100D562A4 /* WelcomeScreen.swift in Sources */,
				DD1D83E529FFDB7100DE8B68 /* NavigationController.swift in Sources */,
				DD4A117A2A012E0B004C765F /* AuthenticationServicing.swift in Sources */,
				DD55F41429D98EBC000EF8AF /* SceneManifest.swift in Sources */,
				DDCE0B032A018CC600EC15EA /* EmojiItem.swift in Sources */,
				DD1D841729FFF81100DE8B68 /* View+FirstAppear.swift in Sources */,
				DD55F40C29D98D98000EF8AF /* Coordinator.swift in Sources */,
				DD55F42A29D9915F000EF8AF /* ServiceRegistration.swift in Sources */,
				DDCE0AF42A01865800EC15EA /* PrimaryButtonModifier.swift in Sources */,
				DD4A11902A013731004C765F /* SignUpStore.swift in Sources */,
				DD55F3E729D98B5E000EF8AF /* AppDelegate.swift in Sources */,
				DD55F43029D991EB000EF8AF /* UISceneDelegate+AppCoordinator.swift in Sources */,
				DD3976122A0549DC0098E9A9 /* SignUpFinishRequest.swift in Sources */,
				DD55F3E929D98B5E000EF8AF /* SceneDelegate.swift in Sources */,
				DD1D840629FFF1E900DE8B68 /* CreatePostStore.swift in Sources */,
				DD55F45729D99BAB000EF8AF /* PresentationType.swift in Sources */,
				DD142CB92A023C4E00C8040A /* FittedScrollView.swift in Sources */,
				DD1D841429FFF74000DE8B68 /* PostView.swift in Sources */,
				DD55F45F29D99E83000EF8AF /* EventEmitting.swift in Sources */,
				DD1D83FE29FFF12300DE8B68 /* UserCoordinator.swift in Sources */,
				DDECFE6C29FFCAF100D562A4 /* OnboardingCoordinator.swift in Sources */,
				DD697C9C29FFD1230010C152 /* Resources.swift in Sources */,
				DD55F45529D99B1C000EF8AF /* TabbarCoordinator.swift in Sources */,
				DD55F44429D99874000EF8AF /* UserDefaultsProvider.swift in Sources */,
				DD1D83F029FFDFC800DE8B68 /* FeedScreen.swift in Sources */,
			);
			runOnlyForDeploymentPostprocessing = 0;
		};
/* End PBXSourcesBuildPhase section */

/* Begin PBXTargetDependency section */
		DD1D83DD29FFD1F400DE8B68 /* PBXTargetDependency */ = {
			isa = PBXTargetDependency;
			productRef = DD1D83DC29FFD1F400DE8B68 /* RswiftGenerateInternalResources */;
		};
/* End PBXTargetDependency section */

/* Begin PBXVariantGroup section */
		DD55F3F129D98B5E000EF8AF /* LaunchScreen.storyboard */ = {
			isa = PBXVariantGroup;
			children = (
				DD55F3F229D98B5E000EF8AF /* Base */,
			);
			name = LaunchScreen.storyboard;
			sourceTree = "<group>";
		};
		DD55F43C29D99396000EF8AF /* Localizable.strings */ = {
			isa = PBXVariantGroup;
			children = (
				DD55F43B29D99396000EF8AF /* en */,
			);
			name = Localizable.strings;
			sourceTree = "<group>";
		};
/* End PBXVariantGroup section */

/* Begin XCBuildConfiguration section */
		DD55F3F529D98B5E000EF8AF /* Debug */ = {
			isa = XCBuildConfiguration;
			baseConfigurationReference = DD55F40829D98C96000EF8AF /* Development.xcconfig */;
			buildSettings = {
				ALWAYS_SEARCH_USER_PATHS = NO;
				CLANG_ANALYZER_LOCALIZABILITY_NONLOCALIZED = YES;
				CLANG_ANALYZER_NONNULL = YES;
				CLANG_ANALYZER_NUMBER_OBJECT_CONVERSION = YES_AGGRESSIVE;
				CLANG_CXX_LANGUAGE_STANDARD = "gnu++20";
				CLANG_ENABLE_MODULES = YES;
				CLANG_ENABLE_OBJC_ARC = YES;
				CLANG_ENABLE_OBJC_WEAK = YES;
				CLANG_WARN_BLOCK_CAPTURE_AUTORELEASING = YES;
				CLANG_WARN_BOOL_CONVERSION = YES;
				CLANG_WARN_COMMA = YES;
				CLANG_WARN_CONSTANT_CONVERSION = YES;
				CLANG_WARN_DEPRECATED_OBJC_IMPLEMENTATIONS = YES;
				CLANG_WARN_DIRECT_OBJC_ISA_USAGE = YES_ERROR;
				CLANG_WARN_DOCUMENTATION_COMMENTS = YES;
				CLANG_WARN_EMPTY_BODY = YES;
				CLANG_WARN_ENUM_CONVERSION = YES;
				CLANG_WARN_INFINITE_RECURSION = YES;
				CLANG_WARN_INT_CONVERSION = YES;
				CLANG_WARN_NON_LITERAL_NULL_CONVERSION = YES;
				CLANG_WARN_OBJC_IMPLICIT_RETAIN_SELF = YES;
				CLANG_WARN_OBJC_LITERAL_CONVERSION = YES;
				CLANG_WARN_OBJC_ROOT_CLASS = YES_ERROR;
				CLANG_WARN_QUOTED_INCLUDE_IN_FRAMEWORK_HEADER = YES;
				CLANG_WARN_RANGE_LOOP_ANALYSIS = YES;
				CLANG_WARN_STRICT_PROTOTYPES = YES;
				CLANG_WARN_SUSPICIOUS_MOVE = YES;
				CLANG_WARN_UNGUARDED_AVAILABILITY = YES_AGGRESSIVE;
				CLANG_WARN_UNREACHABLE_CODE = YES;
				CLANG_WARN__DUPLICATE_METHOD_MATCH = YES;
				COPY_PHASE_STRIP = NO;
				DEBUG_INFORMATION_FORMAT = dwarf;
				ENABLE_STRICT_OBJC_MSGSEND = YES;
				ENABLE_TESTABILITY = YES;
				GCC_C_LANGUAGE_STANDARD = gnu11;
				GCC_DYNAMIC_NO_PIC = NO;
				GCC_NO_COMMON_BLOCKS = YES;
				GCC_OPTIMIZATION_LEVEL = 0;
				GCC_PREPROCESSOR_DEFINITIONS = (
					"DEBUG=1",
					"$(inherited)",
				);
				GCC_WARN_64_TO_32_BIT_CONVERSION = YES;
				GCC_WARN_ABOUT_RETURN_TYPE = YES_ERROR;
				GCC_WARN_UNDECLARED_SELECTOR = YES;
				GCC_WARN_UNINITIALIZED_AUTOS = YES_AGGRESSIVE;
				GCC_WARN_UNUSED_FUNCTION = YES;
				GCC_WARN_UNUSED_VARIABLE = YES;
				IPHONEOS_DEPLOYMENT_TARGET = 16.4;
				MTL_ENABLE_DEBUG_INFO = INCLUDE_SOURCE;
				MTL_FAST_MATH = YES;
				ONLY_ACTIVE_ARCH = YES;
				SDKROOT = iphoneos;
				SWIFT_ACTIVE_COMPILATION_CONDITIONS = DEBUG;
				SWIFT_OPTIMIZATION_LEVEL = "-Onone";
			};
			name = Debug;
		};
		DD55F3F629D98B5E000EF8AF /* Release */ = {
			isa = XCBuildConfiguration;
			baseConfigurationReference = DD55F40929D98CA5000EF8AF /* Production.xcconfig */;
			buildSettings = {
				ALWAYS_SEARCH_USER_PATHS = NO;
				CLANG_ANALYZER_LOCALIZABILITY_NONLOCALIZED = YES;
				CLANG_ANALYZER_NONNULL = YES;
				CLANG_ANALYZER_NUMBER_OBJECT_CONVERSION = YES_AGGRESSIVE;
				CLANG_CXX_LANGUAGE_STANDARD = "gnu++20";
				CLANG_ENABLE_MODULES = YES;
				CLANG_ENABLE_OBJC_ARC = YES;
				CLANG_ENABLE_OBJC_WEAK = YES;
				CLANG_WARN_BLOCK_CAPTURE_AUTORELEASING = YES;
				CLANG_WARN_BOOL_CONVERSION = YES;
				CLANG_WARN_COMMA = YES;
				CLANG_WARN_CONSTANT_CONVERSION = YES;
				CLANG_WARN_DEPRECATED_OBJC_IMPLEMENTATIONS = YES;
				CLANG_WARN_DIRECT_OBJC_ISA_USAGE = YES_ERROR;
				CLANG_WARN_DOCUMENTATION_COMMENTS = YES;
				CLANG_WARN_EMPTY_BODY = YES;
				CLANG_WARN_ENUM_CONVERSION = YES;
				CLANG_WARN_INFINITE_RECURSION = YES;
				CLANG_WARN_INT_CONVERSION = YES;
				CLANG_WARN_NON_LITERAL_NULL_CONVERSION = YES;
				CLANG_WARN_OBJC_IMPLICIT_RETAIN_SELF = YES;
				CLANG_WARN_OBJC_LITERAL_CONVERSION = YES;
				CLANG_WARN_OBJC_ROOT_CLASS = YES_ERROR;
				CLANG_WARN_QUOTED_INCLUDE_IN_FRAMEWORK_HEADER = YES;
				CLANG_WARN_RANGE_LOOP_ANALYSIS = YES;
				CLANG_WARN_STRICT_PROTOTYPES = YES;
				CLANG_WARN_SUSPICIOUS_MOVE = YES;
				CLANG_WARN_UNGUARDED_AVAILABILITY = YES_AGGRESSIVE;
				CLANG_WARN_UNREACHABLE_CODE = YES;
				CLANG_WARN__DUPLICATE_METHOD_MATCH = YES;
				COPY_PHASE_STRIP = NO;
				DEBUG_INFORMATION_FORMAT = "dwarf-with-dsym";
				ENABLE_NS_ASSERTIONS = NO;
				ENABLE_STRICT_OBJC_MSGSEND = YES;
				GCC_C_LANGUAGE_STANDARD = gnu11;
				GCC_NO_COMMON_BLOCKS = YES;
				GCC_WARN_64_TO_32_BIT_CONVERSION = YES;
				GCC_WARN_ABOUT_RETURN_TYPE = YES_ERROR;
				GCC_WARN_UNDECLARED_SELECTOR = YES;
				GCC_WARN_UNINITIALIZED_AUTOS = YES_AGGRESSIVE;
				GCC_WARN_UNUSED_FUNCTION = YES;
				GCC_WARN_UNUSED_VARIABLE = YES;
				IPHONEOS_DEPLOYMENT_TARGET = 16.4;
				MTL_ENABLE_DEBUG_INFO = NO;
				MTL_FAST_MATH = YES;
				SDKROOT = iphoneos;
				SWIFT_COMPILATION_MODE = wholemodule;
				SWIFT_OPTIMIZATION_LEVEL = "-O";
				VALIDATE_PRODUCT = YES;
			};
			name = Release;
		};
		DD55F3F829D98B5E000EF8AF /* Debug */ = {
			isa = XCBuildConfiguration;
			buildSettings = {
				ASSETCATALOG_COMPILER_APPICON_NAME = AppIcon;
				ASSETCATALOG_COMPILER_GLOBAL_ACCENT_COLOR_NAME = AccentColor;
				CODE_SIGN_ENTITLEMENTS = Yuck/Yuck.entitlements;
				CODE_SIGN_STYLE = Automatic;
				CURRENT_PROJECT_VERSION = 1;
				DEVELOPMENT_TEAM = EAVQTDVRT7;
				GENERATE_INFOPLIST_FILE = YES;
				INFOPLIST_FILE = yuck/Support/Info.plist;
				INFOPLIST_KEY_CFBundleDisplayName = Yuck;
				INFOPLIST_KEY_LSApplicationCategoryType = "public.app-category.sports";
				INFOPLIST_KEY_UIApplicationSupportsIndirectInputEvents = YES;
				INFOPLIST_KEY_UILaunchStoryboardName = LaunchScreen.storyboard;
				INFOPLIST_KEY_UIRequiredDeviceCapabilities = armv7;
				INFOPLIST_KEY_UIRequiresFullScreen = YES;
				INFOPLIST_KEY_UISupportedInterfaceOrientations = UIInterfaceOrientationPortrait;
				INFOPLIST_KEY_UISupportedInterfaceOrientations_iPad = UIInterfaceOrientationPortrait;
				IPHONEOS_DEPLOYMENT_TARGET = 16.0;
				LD_RUNPATH_SEARCH_PATHS = (
					"$(inherited)",
					"@executable_path/Frameworks",
				);
				MARKETING_VERSION = 1.0;
				PRODUCT_BUNDLE_IDENTIFIER = com.passkey.demo;
				PRODUCT_NAME = "$(TARGET_NAME)";
				SWIFT_EMIT_LOC_STRINGS = YES;
				SWIFT_VERSION = 5.0;
				TARGETED_DEVICE_FAMILY = "1,2";
			};
			name = Debug;
		};
		DD55F3F929D98B5E000EF8AF /* Release */ = {
			isa = XCBuildConfiguration;
			buildSettings = {
				ASSETCATALOG_COMPILER_APPICON_NAME = AppIcon;
				ASSETCATALOG_COMPILER_GLOBAL_ACCENT_COLOR_NAME = AccentColor;
				CODE_SIGN_ENTITLEMENTS = Yuck/Yuck.entitlements;
				CODE_SIGN_STYLE = Automatic;
				CURRENT_PROJECT_VERSION = 1;
				DEVELOPMENT_TEAM = J8L663CT57;
				GENERATE_INFOPLIST_FILE = YES;
				INFOPLIST_FILE = yuck/Support/Info.plist;
				INFOPLIST_KEY_CFBundleDisplayName = Yuck;
				INFOPLIST_KEY_LSApplicationCategoryType = "public.app-category.sports";
				INFOPLIST_KEY_UIApplicationSupportsIndirectInputEvents = YES;
				INFOPLIST_KEY_UILaunchStoryboardName = LaunchScreen.storyboard;
				INFOPLIST_KEY_UIRequiredDeviceCapabilities = armv7;
				INFOPLIST_KEY_UIRequiresFullScreen = YES;
				INFOPLIST_KEY_UISupportedInterfaceOrientations = UIInterfaceOrientationPortrait;
				INFOPLIST_KEY_UISupportedInterfaceOrientations_iPad = UIInterfaceOrientationPortrait;
				IPHONEOS_DEPLOYMENT_TARGET = 16.0;
				LD_RUNPATH_SEARCH_PATHS = (
					"$(inherited)",
					"@executable_path/Frameworks",
				);
				MARKETING_VERSION = 1.0;
				PRODUCT_BUNDLE_IDENTIFIER = com.passkey.demo;
				PRODUCT_NAME = "$(TARGET_NAME)";
				SWIFT_EMIT_LOC_STRINGS = YES;
				SWIFT_VERSION = 5.0;
				TARGETED_DEVICE_FAMILY = "1,2";
			};
			name = Release;
		};
/* End XCBuildConfiguration section */

/* Begin XCConfigurationList section */
		DD55F3DE29D98B5E000EF8AF /* Build configuration list for PBXProject "Yuck" */ = {
			isa = XCConfigurationList;
			buildConfigurations = (
				DD55F3F529D98B5E000EF8AF /* Debug */,
				DD55F3F629D98B5E000EF8AF /* Release */,
			);
			defaultConfigurationIsVisible = 0;
			defaultConfigurationName = Release;
		};
		DD55F3F729D98B5E000EF8AF /* Build configuration list for PBXNativeTarget "Yuck" */ = {
			isa = XCConfigurationList;
			buildConfigurations = (
				DD55F3F829D98B5E000EF8AF /* Debug */,
				DD55F3F929D98B5E000EF8AF /* Release */,
			);
			defaultConfigurationIsVisible = 0;
			defaultConfigurationName = Release;
		};
/* End XCConfigurationList section */

/* Begin XCRemoteSwiftPackageReference section */
		DD1D83D929FFD1E200DE8B68 /* XCRemoteSwiftPackageReference "R" */ = {
			isa = XCRemoteSwiftPackageReference;
			repositoryURL = "https://github.com/mac-cain13/R.swift";
			requirement = {
				kind = upToNextMajorVersion;
				minimumVersion = 7.0.0;
			};
		};
		DD1D83DF29FFDA8000DE8B68 /* XCRemoteSwiftPackageReference "SFSafeSymbols" */ = {
			isa = XCRemoteSwiftPackageReference;
			repositoryURL = "https://github.com/piknotech/SFSafeSymbols.git";
			requirement = {
				kind = upToNextMajorVersion;
				minimumVersion = 4.0.0;
			};
		};
		DD4A117B2A013153004C765F /* XCRemoteSwiftPackageReference "ios-networking" */ = {
			isa = XCRemoteSwiftPackageReference;
			repositoryURL = "https://github.com/strvcom/ios-networking/";
			requirement = {
				kind = upToNextMajorVersion;
				minimumVersion = 0.0.3;
			};
		};
		DD55F40D29D98E70000EF8AF /* XCRemoteSwiftPackageReference "ios-dependency-injection" */ = {
			isa = XCRemoteSwiftPackageReference;
			repositoryURL = "https://github.com/strvcom/ios-dependency-injection";
			requirement = {
				kind = upToNextMajorVersion;
				minimumVersion = 1.0.3;
			};
		};
		DD55F44529D998DD000EF8AF /* XCRemoteSwiftPackageReference "XCGLogger" */ = {
			isa = XCRemoteSwiftPackageReference;
			repositoryURL = "git@github.com:DaveWoodCom/XCGLogger.git";
			requirement = {
				kind = upToNextMajorVersion;
				minimumVersion = 7.0.0;
			};
		};
/* End XCRemoteSwiftPackageReference section */

/* Begin XCSwiftPackageProductDependency section */
		DD1D83DA29FFD1E200DE8B68 /* RswiftLibrary */ = {
			isa = XCSwiftPackageProductDependency;
			package = DD1D83D929FFD1E200DE8B68 /* XCRemoteSwiftPackageReference "R" */;
			productName = RswiftLibrary;
		};
		DD1D83DC29FFD1F400DE8B68 /* RswiftGenerateInternalResources */ = {
			isa = XCSwiftPackageProductDependency;
			productName = "plugin:RswiftGenerateInternalResources";
		};
		DD1D83E029FFDA8000DE8B68 /* SFSafeSymbols */ = {
			isa = XCSwiftPackageProductDependency;
			package = DD1D83DF29FFDA8000DE8B68 /* XCRemoteSwiftPackageReference "SFSafeSymbols" */;
			productName = SFSafeSymbols;
		};
		DD4A117C2A013153004C765F /* Networking */ = {
			isa = XCSwiftPackageProductDependency;
			package = DD4A117B2A013153004C765F /* XCRemoteSwiftPackageReference "ios-networking" */;
			productName = Networking;
		};
		DD55F40E29D98E70000EF8AF /* DependencyInjection */ = {
			isa = XCSwiftPackageProductDependency;
			package = DD55F40D29D98E70000EF8AF /* XCRemoteSwiftPackageReference "ios-dependency-injection" */;
			productName = DependencyInjection;
		};
		DD55F44629D998DD000EF8AF /* XCGLogger */ = {
			isa = XCSwiftPackageProductDependency;
			package = DD55F44529D998DD000EF8AF /* XCRemoteSwiftPackageReference "XCGLogger" */;
			productName = XCGLogger;
		};
/* End XCSwiftPackageProductDependency section */
	};
	rootObject = DD55F3DB29D98B5E000EF8AF /* Project object */;
}
